// !$*UTF8*$!
{
	archiveVersion = 1;
	classes = {
	};
	objectVersion = 51;
	objects = {

/* Begin PBXBuildFile section */
		B83BEBB6246258FB00DE0A15 /* BaseParams.swift in Sources */ = {isa = PBXBuildFile; fileRef = B83BEBB5246258FB00DE0A15 /* BaseParams.swift */; };
		B83BEBB82462590E00DE0A15 /* BaseModel.swift in Sources */ = {isa = PBXBuildFile; fileRef = B83BEBB72462590E00DE0A15 /* BaseModel.swift */; };
		B83BEBBB24625A1800DE0A15 /* BaseViewModelImpl.swift in Sources */ = {isa = PBXBuildFile; fileRef = B83BEBBA24625A1800DE0A15 /* BaseViewModelImpl.swift */; };
		B83BEBBD24625D4400DE0A15 /* ParamLogin.swift in Sources */ = {isa = PBXBuildFile; fileRef = B83BEBBC24625D4400DE0A15 /* ParamLogin.swift */; };
		B83BEBBF246261B600DE0A15 /* LoginViewModel.swift in Sources */ = {isa = PBXBuildFile; fileRef = B83BEBBE246261B600DE0A15 /* LoginViewModel.swift */; };
		B83BEBC1246261DB00DE0A15 /* BaseViewModel.swift in Sources */ = {isa = PBXBuildFile; fileRef = B83BEBC0246261DB00DE0A15 /* BaseViewModel.swift */; };
		B83BEBC32462640600DE0A15 /* Observable+Extension.swift in Sources */ = {isa = PBXBuildFile; fileRef = B83BEBC22462640600DE0A15 /* Observable+Extension.swift */; };
		B854E231244B25D40085A2A8 /* FilePickerController.swift in Sources */ = {isa = PBXBuildFile; fileRef = B854E230244B25D40085A2A8 /* FilePickerController.swift */; };
		B85A50492515F7C400EFCB90 /* UIImage+Extension.swift in Sources */ = {isa = PBXBuildFile; fileRef = B85A50482515F7C400EFCB90 /* UIImage+Extension.swift */; };
		B8D810112446DC50000C6366 /* AppDelegate.swift in Sources */ = {isa = PBXBuildFile; fileRef = B8D810102446DC50000C6366 /* AppDelegate.swift */; };
		B8D810152446DC50000C6366 /* ViewController.swift in Sources */ = {isa = PBXBuildFile; fileRef = B8D810142446DC50000C6366 /* ViewController.swift */; };
		B8D810182446DC50000C6366 /* Main.storyboard in Resources */ = {isa = PBXBuildFile; fileRef = B8D810162446DC50000C6366 /* Main.storyboard */; };
		B8D8101A2446DC51000C6366 /* Assets.xcassets in Resources */ = {isa = PBXBuildFile; fileRef = B8D810192446DC51000C6366 /* Assets.xcassets */; };
		B8D8101D2446DC51000C6366 /* LaunchScreen.storyboard in Resources */ = {isa = PBXBuildFile; fileRef = B8D8101B2446DC51000C6366 /* LaunchScreen.storyboard */; };
		B8D810282446DC51000C6366 /* CommonKitTests.swift in Sources */ = {isa = PBXBuildFile; fileRef = B8D810272446DC51000C6366 /* CommonKitTests.swift */; };
		B8D810332446DC51000C6366 /* CommonKitUITests.swift in Sources */ = {isa = PBXBuildFile; fileRef = B8D810322446DC51000C6366 /* CommonKitUITests.swift */; };
		B8D810462446E2C3000C6366 /* UIView+Extension.swift in Sources */ = {isa = PBXBuildFile; fileRef = B8D810442446E2C3000C6366 /* UIView+Extension.swift */; };
		B8D810472446E2C3000C6366 /* UIColor+Extension.swift in Sources */ = {isa = PBXBuildFile; fileRef = B8D810452446E2C3000C6366 /* UIColor+Extension.swift */; };
		BF84F973302CC59385D2545F /* Pods_CommonKitTests.framework in Frameworks */ = {isa = PBXBuildFile; fileRef = 95A137B1EDD8D31E3B36788C /* Pods_CommonKitTests.framework */; };
		C3E3485F8F30552815529ED3 /* Pods_CommonKitUITests.framework in Frameworks */ = {isa = PBXBuildFile; fileRef = 417D64BAFA6A5E50044BC35A /* Pods_CommonKitUITests.framework */; };
		E3C28666EC80A324BBDAB1F1 /* Pods_CommonKit.framework in Frameworks */ = {isa = PBXBuildFile; fileRef = A959AC48002B9A5E35ECAC49 /* Pods_CommonKit.framework */; };
/* End PBXBuildFile section */

/* Begin PBXContainerItemProxy section */
		B8D810242446DC51000C6366 /* PBXContainerItemProxy */ = {
			isa = PBXContainerItemProxy;
			containerPortal = B8D810052446DC50000C6366 /* Project object */;
			proxyType = 1;
			remoteGlobalIDString = B8D8100C2446DC50000C6366;
			remoteInfo = CommonKit;
		};
		B8D8102F2446DC51000C6366 /* PBXContainerItemProxy */ = {
			isa = PBXContainerItemProxy;
			containerPortal = B8D810052446DC50000C6366 /* Project object */;
			proxyType = 1;
			remoteGlobalIDString = B8D8100C2446DC50000C6366;
			remoteInfo = CommonKit;
		};
/* End PBXContainerItemProxy section */

/* Begin PBXFileReference section */
		0441614015D5CE9A88E5F7B1 /* Pods-CommonKitUITests.debug.xcconfig */ = {isa = PBXFileReference; includeInIndex = 1; lastKnownFileType = text.xcconfig; name = "Pods-CommonKitUITests.debug.xcconfig"; path = "Target Support Files/Pods-CommonKitUITests/Pods-CommonKitUITests.debug.xcconfig"; sourceTree = "<group>"; };
		34F8A5DBDD6538A243801CF8 /* Pods-CommonKit.release.xcconfig */ = {isa = PBXFileReference; includeInIndex = 1; lastKnownFileType = text.xcconfig; name = "Pods-CommonKit.release.xcconfig"; path = "Target Support Files/Pods-CommonKit/Pods-CommonKit.release.xcconfig"; sourceTree = "<group>"; };
		417D64BAFA6A5E50044BC35A /* Pods_CommonKitUITests.framework */ = {isa = PBXFileReference; explicitFileType = wrapper.framework; includeInIndex = 0; path = Pods_CommonKitUITests.framework; sourceTree = BUILT_PRODUCTS_DIR; };
		88B45CAE5698D84BE1747C07 /* Pods-CommonKit-CommonKitUITests.debug.xcconfig */ = {isa = PBXFileReference; includeInIndex = 1; lastKnownFileType = text.xcconfig; name = "Pods-CommonKit-CommonKitUITests.debug.xcconfig"; path = "Target Support Files/Pods-CommonKit-CommonKitUITests/Pods-CommonKit-CommonKitUITests.debug.xcconfig"; sourceTree = "<group>"; };
		931F6B1780BBB028CA23052B /* Pods-CommonKitUITests.release.xcconfig */ = {isa = PBXFileReference; includeInIndex = 1; lastKnownFileType = text.xcconfig; name = "Pods-CommonKitUITests.release.xcconfig"; path = "Target Support Files/Pods-CommonKitUITests/Pods-CommonKitUITests.release.xcconfig"; sourceTree = "<group>"; };
		95A137B1EDD8D31E3B36788C /* Pods_CommonKitTests.framework */ = {isa = PBXFileReference; explicitFileType = wrapper.framework; includeInIndex = 0; path = Pods_CommonKitTests.framework; sourceTree = BUILT_PRODUCTS_DIR; };
		96F05D5A177A0EEC98CDC8C6 /* Pods-CommonKit.debug.xcconfig */ = {isa = PBXFileReference; includeInIndex = 1; lastKnownFileType = text.xcconfig; name = "Pods-CommonKit.debug.xcconfig"; path = "Target Support Files/Pods-CommonKit/Pods-CommonKit.debug.xcconfig"; sourceTree = "<group>"; };
		A959AC48002B9A5E35ECAC49 /* Pods_CommonKit.framework */ = {isa = PBXFileReference; explicitFileType = wrapper.framework; includeInIndex = 0; path = Pods_CommonKit.framework; sourceTree = BUILT_PRODUCTS_DIR; };
		B83BEBB5246258FB00DE0A15 /* BaseParams.swift */ = {isa = PBXFileReference; lastKnownFileType = sourcecode.swift; path = BaseParams.swift; sourceTree = "<group>"; };
		B83BEBB72462590E00DE0A15 /* BaseModel.swift */ = {isa = PBXFileReference; lastKnownFileType = sourcecode.swift; path = BaseModel.swift; sourceTree = "<group>"; };
		B83BEBBA24625A1800DE0A15 /* BaseViewModelImpl.swift */ = {isa = PBXFileReference; lastKnownFileType = sourcecode.swift; path = BaseViewModelImpl.swift; sourceTree = "<group>"; };
		B83BEBBC24625D4400DE0A15 /* ParamLogin.swift */ = {isa = PBXFileReference; lastKnownFileType = sourcecode.swift; path = ParamLogin.swift; sourceTree = "<group>"; };
		B83BEBBE246261B600DE0A15 /* LoginViewModel.swift */ = {isa = PBXFileReference; lastKnownFileType = sourcecode.swift; path = LoginViewModel.swift; sourceTree = "<group>"; };
		B83BEBC0246261DB00DE0A15 /* BaseViewModel.swift */ = {isa = PBXFileReference; lastKnownFileType = sourcecode.swift; path = BaseViewModel.swift; sourceTree = "<group>"; };
		B83BEBC22462640600DE0A15 /* Observable+Extension.swift */ = {isa = PBXFileReference; lastKnownFileType = sourcecode.swift; path = "Observable+Extension.swift"; sourceTree = "<group>"; };
		B854E230244B25D40085A2A8 /* FilePickerController.swift */ = {isa = PBXFileReference; lastKnownFileType = sourcecode.swift; path = FilePickerController.swift; sourceTree = "<group>"; };
		B85A50482515F7C400EFCB90 /* UIImage+Extension.swift */ = {isa = PBXFileReference; lastKnownFileType = sourcecode.swift; path = "UIImage+Extension.swift"; sourceTree = "<group>"; };
		B8D8100D2446DC50000C6366 /* CommonKit.app */ = {isa = PBXFileReference; explicitFileType = wrapper.application; includeInIndex = 0; path = CommonKit.app; sourceTree = BUILT_PRODUCTS_DIR; };
		B8D810102446DC50000C6366 /* AppDelegate.swift */ = {isa = PBXFileReference; lastKnownFileType = sourcecode.swift; path = AppDelegate.swift; sourceTree = "<group>"; };
		B8D810142446DC50000C6366 /* ViewController.swift */ = {isa = PBXFileReference; lastKnownFileType = sourcecode.swift; path = ViewController.swift; sourceTree = "<group>"; };
		B8D810172446DC50000C6366 /* Base */ = {isa = PBXFileReference; lastKnownFileType = file.storyboard; name = Base; path = Base.lproj/Main.storyboard; sourceTree = "<group>"; };
		B8D810192446DC51000C6366 /* Assets.xcassets */ = {isa = PBXFileReference; lastKnownFileType = folder.assetcatalog; path = Assets.xcassets; sourceTree = "<group>"; };
		B8D8101C2446DC51000C6366 /* Base */ = {isa = PBXFileReference; lastKnownFileType = file.storyboard; name = Base; path = Base.lproj/LaunchScreen.storyboard; sourceTree = "<group>"; };
		B8D8101E2446DC51000C6366 /* Info.plist */ = {isa = PBXFileReference; lastKnownFileType = text.plist.xml; path = Info.plist; sourceTree = "<group>"; };
		B8D810232446DC51000C6366 /* CommonKitTests.xctest */ = {isa = PBXFileReference; explicitFileType = wrapper.cfbundle; includeInIndex = 0; path = CommonKitTests.xctest; sourceTree = BUILT_PRODUCTS_DIR; };
		B8D810272446DC51000C6366 /* CommonKitTests.swift */ = {isa = PBXFileReference; lastKnownFileType = sourcecode.swift; path = CommonKitTests.swift; sourceTree = "<group>"; };
		B8D810292446DC51000C6366 /* Info.plist */ = {isa = PBXFileReference; lastKnownFileType = text.plist.xml; path = Info.plist; sourceTree = "<group>"; };
		B8D8102E2446DC51000C6366 /* CommonKitUITests.xctest */ = {isa = PBXFileReference; explicitFileType = wrapper.cfbundle; includeInIndex = 0; path = CommonKitUITests.xctest; sourceTree = BUILT_PRODUCTS_DIR; };
		B8D810322446DC51000C6366 /* CommonKitUITests.swift */ = {isa = PBXFileReference; lastKnownFileType = sourcecode.swift; path = CommonKitUITests.swift; sourceTree = "<group>"; };
		B8D810342446DC51000C6366 /* Info.plist */ = {isa = PBXFileReference; lastKnownFileType = text.plist.xml; path = Info.plist; sourceTree = "<group>"; };
		B8D810442446E2C3000C6366 /* UIView+Extension.swift */ = {isa = PBXFileReference; fileEncoding = 4; lastKnownFileType = sourcecode.swift; path = "UIView+Extension.swift"; sourceTree = "<group>"; };
		B8D810452446E2C3000C6366 /* UIColor+Extension.swift */ = {isa = PBXFileReference; fileEncoding = 4; lastKnownFileType = sourcecode.swift; path = "UIColor+Extension.swift"; sourceTree = "<group>"; };
		BC467C47130F45FD1EA92A69 /* Pods-CommonKitTests.release.xcconfig */ = {isa = PBXFileReference; includeInIndex = 1; lastKnownFileType = text.xcconfig; name = "Pods-CommonKitTests.release.xcconfig"; path = "Target Support Files/Pods-CommonKitTests/Pods-CommonKitTests.release.xcconfig"; sourceTree = "<group>"; };
		C5A5DB81A0EA08EE90A01ECB /* Pods-CommonKitTests.debug.xcconfig */ = {isa = PBXFileReference; includeInIndex = 1; lastKnownFileType = text.xcconfig; name = "Pods-CommonKitTests.debug.xcconfig"; path = "Target Support Files/Pods-CommonKitTests/Pods-CommonKitTests.debug.xcconfig"; sourceTree = "<group>"; };
		CD445B64A5CFF2A6DB73FA1E /* Pods-CommonKit-CommonKitUITests.release.xcconfig */ = {isa = PBXFileReference; includeInIndex = 1; lastKnownFileType = text.xcconfig; name = "Pods-CommonKit-CommonKitUITests.release.xcconfig"; path = "Target Support Files/Pods-CommonKit-CommonKitUITests/Pods-CommonKit-CommonKitUITests.release.xcconfig"; sourceTree = "<group>"; };
/* End PBXFileReference section */

/* Begin PBXFrameworksBuildPhase section */
		B8D8100A2446DC50000C6366 /* Frameworks */ = {
			isa = PBXFrameworksBuildPhase;
			buildActionMask = 2147483647;
			files = (
				E3C28666EC80A324BBDAB1F1 /* Pods_CommonKit.framework in Frameworks */,
			);
			runOnlyForDeploymentPostprocessing = 0;
		};
		B8D810202446DC51000C6366 /* Frameworks */ = {
			isa = PBXFrameworksBuildPhase;
			buildActionMask = 2147483647;
			files = (
				BF84F973302CC59385D2545F /* Pods_CommonKitTests.framework in Frameworks */,
			);
			runOnlyForDeploymentPostprocessing = 0;
		};
		B8D8102B2446DC51000C6366 /* Frameworks */ = {
			isa = PBXFrameworksBuildPhase;
			buildActionMask = 2147483647;
			files = (
				C3E3485F8F30552815529ED3 /* Pods_CommonKitUITests.framework in Frameworks */,
			);
			runOnlyForDeploymentPostprocessing = 0;
		};
/* End PBXFrameworksBuildPhase section */

/* Begin PBXGroup section */
		B83BEBB4246258E400DE0A15 /* Http */ = {
			isa = PBXGroup;
			children = (
				B83BEBB924625A0400DE0A15 /* vm */,
				B83BEBB5246258FB00DE0A15 /* BaseParams.swift */,
			);
			path = Http;
			sourceTree = "<group>";
		};
		B83BEBB924625A0400DE0A15 /* vm */ = {
			isa = PBXGroup;
			children = (
				B83BEBB72462590E00DE0A15 /* BaseModel.swift */,
				B83BEBBA24625A1800DE0A15 /* BaseViewModelImpl.swift */,
			);
			path = vm;
			sourceTree = "<group>";
		};
		B8D810042446DC50000C6366 = {
			isa = PBXGroup;
			children = (
				B8D8100F2446DC50000C6366 /* CommonKit */,
				B8D810262446DC51000C6366 /* CommonKitTests */,
				B8D810312446DC51000C6366 /* CommonKitUITests */,
				B8D8100E2446DC50000C6366 /* Products */,
				FDFE45FA745CB9382F5C957F /* Pods */,
				E259C74959409461671059EE /* Frameworks */,
			);
			sourceTree = "<group>";
		};
		B8D8100E2446DC50000C6366 /* Products */ = {
			isa = PBXGroup;
			children = (
				B8D8100D2446DC50000C6366 /* CommonKit.app */,
				B8D810232446DC51000C6366 /* CommonKitTests.xctest */,
				B8D8102E2446DC51000C6366 /* CommonKitUITests.xctest */,
			);
			name = Products;
			sourceTree = "<group>";
		};
		B8D8100F2446DC50000C6366 /* CommonKit */ = {
			isa = PBXGroup;
			children = (
				B8D810432446DCCD000C6366 /* Resources */,
				B8D810422446DCB9000C6366 /* Example */,
				B8D810412446DCAC000C6366 /* Sources */,
				B8D8101E2446DC51000C6366 /* Info.plist */,
			);
			path = CommonKit;
			sourceTree = "<group>";
		};
		B8D810262446DC51000C6366 /* CommonKitTests */ = {
			isa = PBXGroup;
			children = (
				B8D810272446DC51000C6366 /* CommonKitTests.swift */,
				B8D810292446DC51000C6366 /* Info.plist */,
			);
			path = CommonKitTests;
			sourceTree = "<group>";
		};
		B8D810312446DC51000C6366 /* CommonKitUITests */ = {
			isa = PBXGroup;
			children = (
				B8D810322446DC51000C6366 /* CommonKitUITests.swift */,
				B8D810342446DC51000C6366 /* Info.plist */,
			);
			path = CommonKitUITests;
			sourceTree = "<group>";
		};
		B8D810412446DCAC000C6366 /* Sources */ = {
			isa = PBXGroup;
			children = (
				B83BEBB4246258E400DE0A15 /* Http */,
				B8D810482446E2D4000C6366 /* Extensions */,
				B854E230244B25D40085A2A8 /* FilePickerController.swift */,
			);
			path = Sources;
			sourceTree = "<group>";
		};
		B8D810422446DCB9000C6366 /* Example */ = {
			isa = PBXGroup;
			children = (
				B8D810102446DC50000C6366 /* AppDelegate.swift */,
				B8D810142446DC50000C6366 /* ViewController.swift */,
				B83BEBBC24625D4400DE0A15 /* ParamLogin.swift */,
				B83BEBBE246261B600DE0A15 /* LoginViewModel.swift */,
				B83BEBC0246261DB00DE0A15 /* BaseViewModel.swift */,
			);
			path = Example;
			sourceTree = "<group>";
		};
		B8D810432446DCCD000C6366 /* Resources */ = {
			isa = PBXGroup;
			children = (
				B8D8101B2446DC51000C6366 /* LaunchScreen.storyboard */,
				B8D810192446DC51000C6366 /* Assets.xcassets */,
				B8D810162446DC50000C6366 /* Main.storyboard */,
			);
			path = Resources;
			sourceTree = "<group>";
		};
		B8D810482446E2D4000C6366 /* Extensions */ = {
			isa = PBXGroup;
			children = (
				B8D810452446E2C3000C6366 /* UIColor+Extension.swift */,
				B8D810442446E2C3000C6366 /* UIView+Extension.swift */,
				B83BEBC22462640600DE0A15 /* Observable+Extension.swift */,
				B85A50482515F7C400EFCB90 /* UIImage+Extension.swift */,
			);
			path = Extensions;
			sourceTree = "<group>";
		};
		E259C74959409461671059EE /* Frameworks */ = {
			isa = PBXGroup;
			children = (
				A959AC48002B9A5E35ECAC49 /* Pods_CommonKit.framework */,
				95A137B1EDD8D31E3B36788C /* Pods_CommonKitTests.framework */,
				417D64BAFA6A5E50044BC35A /* Pods_CommonKitUITests.framework */,
			);
			name = Frameworks;
			sourceTree = "<group>";
		};
		FDFE45FA745CB9382F5C957F /* Pods */ = {
			isa = PBXGroup;
			children = (
				96F05D5A177A0EEC98CDC8C6 /* Pods-CommonKit.debug.xcconfig */,
				34F8A5DBDD6538A243801CF8 /* Pods-CommonKit.release.xcconfig */,
				88B45CAE5698D84BE1747C07 /* Pods-CommonKit-CommonKitUITests.debug.xcconfig */,
				CD445B64A5CFF2A6DB73FA1E /* Pods-CommonKit-CommonKitUITests.release.xcconfig */,
				C5A5DB81A0EA08EE90A01ECB /* Pods-CommonKitTests.debug.xcconfig */,
				BC467C47130F45FD1EA92A69 /* Pods-CommonKitTests.release.xcconfig */,
				0441614015D5CE9A88E5F7B1 /* Pods-CommonKitUITests.debug.xcconfig */,
				931F6B1780BBB028CA23052B /* Pods-CommonKitUITests.release.xcconfig */,
			);
			path = Pods;
			sourceTree = "<group>";
		};
/* End PBXGroup section */

/* Begin PBXNativeTarget section */
		B8D8100C2446DC50000C6366 /* CommonKit */ = {
			isa = PBXNativeTarget;
			buildConfigurationList = B8D810372446DC51000C6366 /* Build configuration list for PBXNativeTarget "CommonKit" */;
			buildPhases = (
				60C1BDC87E6DDA3527BFB9FB /* [CP] Check Pods Manifest.lock */,
				B8D810092446DC50000C6366 /* Sources */,
				B8D8100A2446DC50000C6366 /* Frameworks */,
				B8D8100B2446DC50000C6366 /* Resources */,
				32FE3A035F6524A9F3287FAD /* [CP] Embed Pods Frameworks */,
			);
			buildRules = (
			);
			dependencies = (
			);
			name = CommonKit;
			productName = CommonKit;
			productReference = B8D8100D2446DC50000C6366 /* CommonKit.app */;
			productType = "com.apple.product-type.application";
		};
		B8D810222446DC51000C6366 /* CommonKitTests */ = {
			isa = PBXNativeTarget;
			buildConfigurationList = B8D8103A2446DC51000C6366 /* Build configuration list for PBXNativeTarget "CommonKitTests" */;
			buildPhases = (
				754451375C435504F5FBCBA2 /* [CP] Check Pods Manifest.lock */,
				B8D8101F2446DC51000C6366 /* Sources */,
				B8D810202446DC51000C6366 /* Frameworks */,
				B8D810212446DC51000C6366 /* Resources */,
			);
			buildRules = (
			);
			dependencies = (
				B8D810252446DC51000C6366 /* PBXTargetDependency */,
			);
			name = CommonKitTests;
			productName = CommonKitTests;
			productReference = B8D810232446DC51000C6366 /* CommonKitTests.xctest */;
			productType = "com.apple.product-type.bundle.unit-test";
		};
		B8D8102D2446DC51000C6366 /* CommonKitUITests */ = {
			isa = PBXNativeTarget;
			buildConfigurationList = B8D8103D2446DC51000C6366 /* Build configuration list for PBXNativeTarget "CommonKitUITests" */;
			buildPhases = (
				2A1DDC9797229E2309C56AD5 /* [CP] Check Pods Manifest.lock */,
				B8D8102A2446DC51000C6366 /* Sources */,
				B8D8102B2446DC51000C6366 /* Frameworks */,
				B8D8102C2446DC51000C6366 /* Resources */,
			);
			buildRules = (
			);
			dependencies = (
				B8D810302446DC51000C6366 /* PBXTargetDependency */,
			);
			name = CommonKitUITests;
			productName = CommonKitUITests;
			productReference = B8D8102E2446DC51000C6366 /* CommonKitUITests.xctest */;
			productType = "com.apple.product-type.bundle.ui-testing";
		};
/* End PBXNativeTarget section */

/* Begin PBXProject section */
		B8D810052446DC50000C6366 /* Project object */ = {
			isa = PBXProject;
			attributes = {
				LastSwiftUpdateCheck = 1140;
				LastUpgradeCheck = 1140;
				ORGANIZATIONNAME = codeflow;
				TargetAttributes = {
					B8D8100C2446DC50000C6366 = {
						CreatedOnToolsVersion = 11.4;
					};
					B8D810222446DC51000C6366 = {
						CreatedOnToolsVersion = 11.4;
						TestTargetID = B8D8100C2446DC50000C6366;
					};
					B8D8102D2446DC51000C6366 = {
						CreatedOnToolsVersion = 11.4;
						TestTargetID = B8D8100C2446DC50000C6366;
					};
				};
			};
			buildConfigurationList = B8D810082446DC50000C6366 /* Build configuration list for PBXProject "CommonKit" */;
			compatibilityVersion = "Xcode 9.3";
			developmentRegion = en;
			hasScannedForEncodings = 0;
			knownRegions = (
				en,
				Base,
			);
			mainGroup = B8D810042446DC50000C6366;
			productRefGroup = B8D8100E2446DC50000C6366 /* Products */;
			projectDirPath = "";
			projectRoot = "";
			targets = (
				B8D8100C2446DC50000C6366 /* CommonKit */,
				B8D810222446DC51000C6366 /* CommonKitTests */,
				B8D8102D2446DC51000C6366 /* CommonKitUITests */,
			);
		};
/* End PBXProject section */

/* Begin PBXResourcesBuildPhase section */
		B8D8100B2446DC50000C6366 /* Resources */ = {
			isa = PBXResourcesBuildPhase;
			buildActionMask = 2147483647;
			files = (
				B8D8101D2446DC51000C6366 /* LaunchScreen.storyboard in Resources */,
				B8D8101A2446DC51000C6366 /* Assets.xcassets in Resources */,
				B8D810182446DC50000C6366 /* Main.storyboard in Resources */,
			);
			runOnlyForDeploymentPostprocessing = 0;
		};
		B8D810212446DC51000C6366 /* Resources */ = {
			isa = PBXResourcesBuildPhase;
			buildActionMask = 2147483647;
			files = (
			);
			runOnlyForDeploymentPostprocessing = 0;
		};
		B8D8102C2446DC51000C6366 /* Resources */ = {
			isa = PBXResourcesBuildPhase;
			buildActionMask = 2147483647;
			files = (
			);
			runOnlyForDeploymentPostprocessing = 0;
		};
/* End PBXResourcesBuildPhase section */

/* Begin PBXShellScriptBuildPhase section */
		2A1DDC9797229E2309C56AD5 /* [CP] Check Pods Manifest.lock */ = {
			isa = PBXShellScriptBuildPhase;
			buildActionMask = 2147483647;
			files = (
			);
			inputFileListPaths = (
			);
			inputPaths = (
				"${PODS_PODFILE_DIR_PATH}/Podfile.lock",
				"${PODS_ROOT}/Manifest.lock",
			);
			name = "[CP] Check Pods Manifest.lock";
			outputFileListPaths = (
			);
			outputPaths = (
				"$(DERIVED_FILE_DIR)/Pods-CommonKitUITests-checkManifestLockResult.txt",
			);
			runOnlyForDeploymentPostprocessing = 0;
			shellPath = /bin/sh;
			shellScript = "diff \"${PODS_PODFILE_DIR_PATH}/Podfile.lock\" \"${PODS_ROOT}/Manifest.lock\" > /dev/null\nif [ $? != 0 ] ; then\n    # print error to STDERR\n    echo \"error: The sandbox is not in sync with the Podfile.lock. Run 'pod install' or update your CocoaPods installation.\" >&2\n    exit 1\nfi\n# This output is used by Xcode 'outputs' to avoid re-running this script phase.\necho \"SUCCESS\" > \"${SCRIPT_OUTPUT_FILE_0}\"\n";
			showEnvVarsInLog = 0;
		};
		32FE3A035F6524A9F3287FAD /* [CP] Embed Pods Frameworks */ = {
			isa = PBXShellScriptBuildPhase;
			buildActionMask = 2147483647;
			files = (
			);
			inputFileListPaths = (
				"${PODS_ROOT}/Target Support Files/Pods-CommonKit/Pods-CommonKit-frameworks-${CONFIGURATION}-input-files.xcfilelist",
			);
			name = "[CP] Embed Pods Frameworks";
			outputFileListPaths = (
				"${PODS_ROOT}/Target Support Files/Pods-CommonKit/Pods-CommonKit-frameworks-${CONFIGURATION}-output-files.xcfilelist",
			);
			runOnlyForDeploymentPostprocessing = 0;
			shellPath = /bin/sh;
			shellScript = "\"${PODS_ROOT}/Target Support Files/Pods-CommonKit/Pods-CommonKit-frameworks.sh\"\n";
			showEnvVarsInLog = 0;
		};
		60C1BDC87E6DDA3527BFB9FB /* [CP] Check Pods Manifest.lock */ = {
			isa = PBXShellScriptBuildPhase;
			buildActionMask = 2147483647;
			files = (
			);
			inputFileListPaths = (
			);
			inputPaths = (
				"${PODS_PODFILE_DIR_PATH}/Podfile.lock",
				"${PODS_ROOT}/Manifest.lock",
			);
			name = "[CP] Check Pods Manifest.lock";
			outputFileListPaths = (
			);
			outputPaths = (
				"$(DERIVED_FILE_DIR)/Pods-CommonKit-checkManifestLockResult.txt",
			);
			runOnlyForDeploymentPostprocessing = 0;
			shellPath = /bin/sh;
			shellScript = "diff \"${PODS_PODFILE_DIR_PATH}/Podfile.lock\" \"${PODS_ROOT}/Manifest.lock\" > /dev/null\nif [ $? != 0 ] ; then\n    # print error to STDERR\n    echo \"error: The sandbox is not in sync with the Podfile.lock. Run 'pod install' or update your CocoaPods installation.\" >&2\n    exit 1\nfi\n# This output is used by Xcode 'outputs' to avoid re-running this script phase.\necho \"SUCCESS\" > \"${SCRIPT_OUTPUT_FILE_0}\"\n";
			showEnvVarsInLog = 0;
		};
		754451375C435504F5FBCBA2 /* [CP] Check Pods Manifest.lock */ = {
			isa = PBXShellScriptBuildPhase;
			buildActionMask = 2147483647;
			files = (
			);
			inputFileListPaths = (
			);
			inputPaths = (
				"${PODS_PODFILE_DIR_PATH}/Podfile.lock",
				"${PODS_ROOT}/Manifest.lock",
			);
			name = "[CP] Check Pods Manifest.lock";
			outputFileListPaths = (
			);
			outputPaths = (
				"$(DERIVED_FILE_DIR)/Pods-CommonKitTests-checkManifestLockResult.txt",
			);
			runOnlyForDeploymentPostprocessing = 0;
			shellPath = /bin/sh;
			shellScript = "diff \"${PODS_PODFILE_DIR_PATH}/Podfile.lock\" \"${PODS_ROOT}/Manifest.lock\" > /dev/null\nif [ $? != 0 ] ; then\n    # print error to STDERR\n    echo \"error: The sandbox is not in sync with the Podfile.lock. Run 'pod install' or update your CocoaPods installation.\" >&2\n    exit 1\nfi\n# This output is used by Xcode 'outputs' to avoid re-running this script phase.\necho \"SUCCESS\" > \"${SCRIPT_OUTPUT_FILE_0}\"\n";
			showEnvVarsInLog = 0;
		};
/* End PBXShellScriptBuildPhase section */

/* Begin PBXSourcesBuildPhase section */
		B8D810092446DC50000C6366 /* Sources */ = {
			isa = PBXSourcesBuildPhase;
			buildActionMask = 2147483647;
			files = (
				B85A50492515F7C400EFCB90 /* UIImage+Extension.swift in Sources */,
				B8D810152446DC50000C6366 /* ViewController.swift in Sources */,
				B83BEBC1246261DB00DE0A15 /* BaseViewModel.swift in Sources */,
				B854E231244B25D40085A2A8 /* FilePickerController.swift in Sources */,
				B83BEBB82462590E00DE0A15 /* BaseModel.swift in Sources */,
				B83BEBBD24625D4400DE0A15 /* ParamLogin.swift in Sources */,
				B83BEBB6246258FB00DE0A15 /* BaseParams.swift in Sources */,
				B83BEBC32462640600DE0A15 /* Observable+Extension.swift in Sources */,
				B8D810112446DC50000C6366 /* AppDelegate.swift in Sources */,
				B83BEBBB24625A1800DE0A15 /* BaseViewModelImpl.swift in Sources */,
				B8D810472446E2C3000C6366 /* UIColor+Extension.swift in Sources */,
				B83BEBBF246261B600DE0A15 /* LoginViewModel.swift in Sources */,
				B8D810462446E2C3000C6366 /* UIView+Extension.swift in Sources */,
			);
			runOnlyForDeploymentPostprocessing = 0;
		};
		B8D8101F2446DC51000C6366 /* Sources */ = {
			isa = PBXSourcesBuildPhase;
			buildActionMask = 2147483647;
			files = (
				B8D810282446DC51000C6366 /* CommonKitTests.swift in Sources */,
			);
			runOnlyForDeploymentPostprocessing = 0;
		};
		B8D8102A2446DC51000C6366 /* Sources */ = {
			isa = PBXSourcesBuildPhase;
			buildActionMask = 2147483647;
			files = (
				B8D810332446DC51000C6366 /* CommonKitUITests.swift in Sources */,
			);
			runOnlyForDeploymentPostprocessing = 0;
		};
/* End PBXSourcesBuildPhase section */

/* Begin PBXTargetDependency section */
		B8D810252446DC51000C6366 /* PBXTargetDependency */ = {
			isa = PBXTargetDependency;
			target = B8D8100C2446DC50000C6366 /* CommonKit */;
			targetProxy = B8D810242446DC51000C6366 /* PBXContainerItemProxy */;
		};
		B8D810302446DC51000C6366 /* PBXTargetDependency */ = {
			isa = PBXTargetDependency;
			target = B8D8100C2446DC50000C6366 /* CommonKit */;
			targetProxy = B8D8102F2446DC51000C6366 /* PBXContainerItemProxy */;
		};
/* End PBXTargetDependency section */

/* Begin PBXVariantGroup section */
		B8D810162446DC50000C6366 /* Main.storyboard */ = {
			isa = PBXVariantGroup;
			children = (
				B8D810172446DC50000C6366 /* Base */,
			);
			name = Main.storyboard;
			sourceTree = "<group>";
		};
		B8D8101B2446DC51000C6366 /* LaunchScreen.storyboard */ = {
			isa = PBXVariantGroup;
			children = (
				B8D8101C2446DC51000C6366 /* Base */,
			);
			name = LaunchScreen.storyboard;
			sourceTree = "<group>";
		};
/* End PBXVariantGroup section */

/* Begin XCBuildConfiguration section */
		B8D810352446DC51000C6366 /* Debug */ = {
			isa = XCBuildConfiguration;
			buildSettings = {
				ALWAYS_SEARCH_USER_PATHS = NO;
				CLANG_ANALYZER_NONNULL = YES;
				CLANG_ANALYZER_NUMBER_OBJECT_CONVERSION = YES_AGGRESSIVE;
				CLANG_CXX_LANGUAGE_STANDARD = "gnu++14";
				CLANG_CXX_LIBRARY = "libc++";
				CLANG_ENABLE_MODULES = YES;
				CLANG_ENABLE_OBJC_ARC = YES;
				CLANG_ENABLE_OBJC_WEAK = YES;
				CLANG_WARN_BLOCK_CAPTURE_AUTORELEASING = YES;
				CLANG_WARN_BOOL_CONVERSION = YES;
				CLANG_WARN_COMMA = YES;
				CLANG_WARN_CONSTANT_CONVERSION = YES;
				CLANG_WARN_DEPRECATED_OBJC_IMPLEMENTATIONS = YES;
				CLANG_WARN_DIRECT_OBJC_ISA_USAGE = YES_ERROR;
				CLANG_WARN_DOCUMENTATION_COMMENTS = YES;
				CLANG_WARN_EMPTY_BODY = YES;
				CLANG_WARN_ENUM_CONVERSION = YES;
				CLANG_WARN_INFINITE_RECURSION = YES;
				CLANG_WARN_INT_CONVERSION = YES;
				CLANG_WARN_NON_LITERAL_NULL_CONVERSION = YES;
				CLANG_WARN_OBJC_IMPLICIT_RETAIN_SELF = YES;
				CLANG_WARN_OBJC_LITERAL_CONVERSION = YES;
				CLANG_WARN_OBJC_ROOT_CLASS = YES_ERROR;
				CLANG_WARN_RANGE_LOOP_ANALYSIS = YES;
				CLANG_WARN_STRICT_PROTOTYPES = YES;
				CLANG_WARN_SUSPICIOUS_MOVE = YES;
				CLANG_WARN_UNGUARDED_AVAILABILITY = YES_AGGRESSIVE;
				CLANG_WARN_UNREACHABLE_CODE = YES;
				CLANG_WARN__DUPLICATE_METHOD_MATCH = YES;
				COPY_PHASE_STRIP = NO;
				DEBUG_INFORMATION_FORMAT = dwarf;
				ENABLE_STRICT_OBJC_MSGSEND = YES;
				ENABLE_TESTABILITY = YES;
				GCC_C_LANGUAGE_STANDARD = gnu11;
				GCC_DYNAMIC_NO_PIC = NO;
				GCC_NO_COMMON_BLOCKS = YES;
				GCC_OPTIMIZATION_LEVEL = 0;
				GCC_PREPROCESSOR_DEFINITIONS = (
					"DEBUG=1",
					"$(inherited)",
				);
				GCC_WARN_64_TO_32_BIT_CONVERSION = YES;
				GCC_WARN_ABOUT_RETURN_TYPE = YES_ERROR;
				GCC_WARN_UNDECLARED_SELECTOR = YES;
				GCC_WARN_UNINITIALIZED_AUTOS = YES_AGGRESSIVE;
				GCC_WARN_UNUSED_FUNCTION = YES;
				GCC_WARN_UNUSED_VARIABLE = YES;
				IPHONEOS_DEPLOYMENT_TARGET = 13.4;
				MTL_ENABLE_DEBUG_INFO = INCLUDE_SOURCE;
				MTL_FAST_MATH = YES;
				ONLY_ACTIVE_ARCH = YES;
				SDKROOT = iphoneos;
				SWIFT_ACTIVE_COMPILATION_CONDITIONS = DEBUG;
				SWIFT_OPTIMIZATION_LEVEL = "-Onone";
			};
			name = Debug;
		};
		B8D810362446DC51000C6366 /* Release */ = {
			isa = XCBuildConfiguration;
			buildSettings = {
				ALWAYS_SEARCH_USER_PATHS = NO;
				CLANG_ANALYZER_NONNULL = YES;
				CLANG_ANALYZER_NUMBER_OBJECT_CONVERSION = YES_AGGRESSIVE;
				CLANG_CXX_LANGUAGE_STANDARD = "gnu++14";
				CLANG_CXX_LIBRARY = "libc++";
				CLANG_ENABLE_MODULES = YES;
				CLANG_ENABLE_OBJC_ARC = YES;
				CLANG_ENABLE_OBJC_WEAK = YES;
				CLANG_WARN_BLOCK_CAPTURE_AUTORELEASING = YES;
				CLANG_WARN_BOOL_CONVERSION = YES;
				CLANG_WARN_COMMA = YES;
				CLANG_WARN_CONSTANT_CONVERSION = YES;
				CLANG_WARN_DEPRECATED_OBJC_IMPLEMENTATIONS = YES;
				CLANG_WARN_DIRECT_OBJC_ISA_USAGE = YES_ERROR;
				CLANG_WARN_DOCUMENTATION_COMMENTS = YES;
				CLANG_WARN_EMPTY_BODY = YES;
				CLANG_WARN_ENUM_CONVERSION = YES;
				CLANG_WARN_INFINITE_RECURSION = YES;
				CLANG_WARN_INT_CONVERSION = YES;
				CLANG_WARN_NON_LITERAL_NULL_CONVERSION = YES;
				CLANG_WARN_OBJC_IMPLICIT_RETAIN_SELF = YES;
				CLANG_WARN_OBJC_LITERAL_CONVERSION = YES;
				CLANG_WARN_OBJC_ROOT_CLASS = YES_ERROR;
				CLANG_WARN_RANGE_LOOP_ANALYSIS = YES;
				CLANG_WARN_STRICT_PROTOTYPES = YES;
				CLANG_WARN_SUSPICIOUS_MOVE = YES;
				CLANG_WARN_UNGUARDED_AVAILABILITY = YES_AGGRESSIVE;
				CLANG_WARN_UNREACHABLE_CODE = YES;
				CLANG_WARN__DUPLICATE_METHOD_MATCH = YES;
				COPY_PHASE_STRIP = NO;
				DEBUG_INFORMATION_FORMAT = "dwarf-with-dsym";
				ENABLE_NS_ASSERTIONS = NO;
				ENABLE_STRICT_OBJC_MSGSEND = YES;
				GCC_C_LANGUAGE_STANDARD = gnu11;
				GCC_NO_COMMON_BLOCKS = YES;
				GCC_WARN_64_TO_32_BIT_CONVERSION = YES;
				GCC_WARN_ABOUT_RETURN_TYPE = YES_ERROR;
				GCC_WARN_UNDECLARED_SELECTOR = YES;
				GCC_WARN_UNINITIALIZED_AUTOS = YES_AGGRESSIVE;
				GCC_WARN_UNUSED_FUNCTION = YES;
				GCC_WARN_UNUSED_VARIABLE = YES;
				IPHONEOS_DEPLOYMENT_TARGET = 13.4;
				MTL_ENABLE_DEBUG_INFO = NO;
				MTL_FAST_MATH = YES;
				SDKROOT = iphoneos;
				SWIFT_COMPILATION_MODE = wholemodule;
				SWIFT_OPTIMIZATION_LEVEL = "-O";
				VALIDATE_PRODUCT = YES;
			};
			name = Release;
		};
		B8D810382446DC51000C6366 /* Debug */ = {
			isa = XCBuildConfiguration;
			baseConfigurationReference = 96F05D5A177A0EEC98CDC8C6 /* Pods-CommonKit.debug.xcconfig */;
			buildSettings = {
				ASSETCATALOG_COMPILER_APPICON_NAME = AppIcon;
				CODE_SIGN_STYLE = Automatic;
				DEVELOPMENT_TEAM = WFXE72RL76;
				INFOPLIST_FILE = CommonKit/Info.plist;
				IPHONEOS_DEPLOYMENT_TARGET = 11.0;
				LD_RUNPATH_SEARCH_PATHS = (
					"$(inherited)",
					"@executable_path/Frameworks",
				);
				MARKETING_VERSION = 0.1;
				PRODUCT_BUNDLE_IDENTIFIER = com.wawi.ios.commonkit.CommonKit;
				PRODUCT_NAME = "$(TARGET_NAME)";
				SWIFT_VERSION = 5.0;
				TARGETED_DEVICE_FAMILY = "1,2";
			};
			name = Debug;
		};
		B8D810392446DC51000C6366 /* Release */ = {
			isa = XCBuildConfiguration;
			baseConfigurationReference = 34F8A5DBDD6538A243801CF8 /* Pods-CommonKit.release.xcconfig */;
			buildSettings = {
				ASSETCATALOG_COMPILER_APPICON_NAME = AppIcon;
				CODE_SIGN_STYLE = Automatic;
				DEVELOPMENT_TEAM = WFXE72RL76;
				INFOPLIST_FILE = CommonKit/Info.plist;
				IPHONEOS_DEPLOYMENT_TARGET = 11.0;
				LD_RUNPATH_SEARCH_PATHS = (
					"$(inherited)",
					"@executable_path/Frameworks",
				);
				MARKETING_VERSION = 0.1;
				PRODUCT_BUNDLE_IDENTIFIER = com.wawi.ios.commonkit.CommonKit;
				PRODUCT_NAME = "$(TARGET_NAME)";
				SWIFT_VERSION = 5.0;
				TARGETED_DEVICE_FAMILY = "1,2";
			};
			name = Release;
		};
		B8D8103B2446DC51000C6366 /* Debug */ = {
			isa = XCBuildConfiguration;
			baseConfigurationReference = C5A5DB81A0EA08EE90A01ECB /* Pods-CommonKitTests.debug.xcconfig */;
			buildSettings = {
				ALWAYS_EMBED_SWIFT_STANDARD_LIBRARIES = YES;
				BUNDLE_LOADER = "$(TEST_HOST)";
				CODE_SIGN_STYLE = Automatic;
				DEVELOPMENT_TEAM = WFXE72RL76;
				INFOPLIST_FILE = CommonKitTests/Info.plist;
				IPHONEOS_DEPLOYMENT_TARGET = 13.4;
				LD_RUNPATH_SEARCH_PATHS = (
					"$(inherited)",
					"@executable_path/Frameworks",
					"@loader_path/Frameworks",
				);
				PRODUCT_BUNDLE_IDENTIFIER = com.wawi.ios.commonkit.CommonKitTests;
				PRODUCT_NAME = "$(TARGET_NAME)";
				SWIFT_VERSION = 5.0;
				TARGETED_DEVICE_FAMILY = "1,2";
				TEST_HOST = "$(BUILT_PRODUCTS_DIR)/CommonKit.app/CommonKit";
			};
			name = Debug;
		};
		B8D8103C2446DC51000C6366 /* Release */ = {
			isa = XCBuildConfiguration;
			baseConfigurationReference = BC467C47130F45FD1EA92A69 /* Pods-CommonKitTests.release.xcconfig */;
			buildSettings = {
				ALWAYS_EMBED_SWIFT_STANDARD_LIBRARIES = YES;
				BUNDLE_LOADER = "$(TEST_HOST)";
				CODE_SIGN_STYLE = Automatic;
				DEVELOPMENT_TEAM = WFXE72RL76;
				INFOPLIST_FILE = CommonKitTests/Info.plist;
				IPHONEOS_DEPLOYMENT_TARGET = 13.4;
				LD_RUNPATH_SEARCH_PATHS = (
					"$(inherited)",
					"@executable_path/Frameworks",
					"@loader_path/Frameworks",
				);
				PRODUCT_BUNDLE_IDENTIFIER = com.wawi.ios.commonkit.CommonKitTests;
				PRODUCT_NAME = "$(TARGET_NAME)";
				SWIFT_VERSION = 5.0;
				TARGETED_DEVICE_FAMILY = "1,2";
				TEST_HOST = "$(BUILT_PRODUCTS_DIR)/CommonKit.app/CommonKit";
			};
			name = Release;
		};
		B8D8103E2446DC51000C6366 /* Debug */ = {
			isa = XCBuildConfiguration;
			baseConfigurationReference = 0441614015D5CE9A88E5F7B1 /* Pods-CommonKitUITests.debug.xcconfig */;
			buildSettings = {
				ALWAYS_EMBED_SWIFT_STANDARD_LIBRARIES = YES;
				CODE_SIGN_STYLE = Automatic;
				DEVELOPMENT_TEAM = WFXE72RL76;
				INFOPLIST_FILE = CommonKitUITests/Info.plist;
				LD_RUNPATH_SEARCH_PATHS = (
					"$(inherited)",
					"@executable_path/Frameworks",
					"@loader_path/Frameworks",
				);
				PRODUCT_BUNDLE_IDENTIFIER = com.wawi.ios.commonkit.CommonKitUITests;
				PRODUCT_NAME = "$(TARGET_NAME)";
				SWIFT_VERSION = 5.0;
				TARGETED_DEVICE_FAMILY = "1,2";
				TEST_TARGET_NAME = CommonKit;
			};
			name = Debug;
		};
		B8D8103F2446DC51000C6366 /* Release */ = {
			isa = XCBuildConfiguration;
			baseConfigurationReference = 931F6B1780BBB028CA23052B /* Pods-CommonKitUITests.release.xcconfig */;
			buildSettings = {
				ALWAYS_EMBED_SWIFT_STANDARD_LIBRARIES = YES;
				CODE_SIGN_STYLE = Automatic;
				DEVELOPMENT_TEAM = WFXE72RL76;
				INFOPLIST_FILE = CommonKitUITests/Info.plist;
				LD_RUNPATH_SEARCH_PATHS = (
					"$(inherited)",
					"@executable_path/Frameworks",
					"@loader_path/Frameworks",
				);
				PRODUCT_BUNDLE_IDENTIFIER = com.wawi.ios.commonkit.CommonKitUITests;
				PRODUCT_NAME = "$(TARGET_NAME)";
				SWIFT_VERSION = 5.0;
				TARGETED_DEVICE_FAMILY = "1,2";
				TEST_TARGET_NAME = CommonKit;
			};
			name = Release;
		};
/* End XCBuildConfiguration section */

/* Begin XCConfigurationList section */
		B8D810082446DC50000C6366 /* Build configuration list for PBXProject "CommonKit" */ = {
			isa = XCConfigurationList;
			buildConfigurations = (
				B8D810352446DC51000C6366 /* Debug */,
				B8D810362446DC51000C6366 /* Release */,
			);
			defaultConfigurationIsVisible = 0;
			defaultConfigurationName = Release;
		};
		B8D810372446DC51000C6366 /* Build configuration list for PBXNativeTarget "CommonKit" */ = {
			isa = XCConfigurationList;
			buildConfigurations = (
				B8D810382446DC51000C6366 /* Debug */,
				B8D810392446DC51000C6366 /* Release */,
			);
			defaultConfigurationIsVisible = 0;
			defaultConfigurationName = Release;
		};
		B8D8103A2446DC51000C6366 /* Build configuration list for PBXNativeTarget "CommonKitTests" */ = {
			isa = XCConfigurationList;
			buildConfigurations = (
				B8D8103B2446DC51000C6366 /* Debug */,
				B8D8103C2446DC51000C6366 /* Release */,
			);
			defaultConfigurationIsVisible = 0;
			defaultConfigurationName = Release;
		};
		B8D8103D2446DC51000C6366 /* Build configuration list for PBXNativeTarget "CommonKitUITests" */ = {
			isa = XCConfigurationList;
			buildConfigurations = (
				B8D8103E2446DC51000C6366 /* Debug */,
				B8D8103F2446DC51000C6366 /* Release */,
			);
			defaultConfigurationIsVisible = 0;
			defaultConfigurationName = Release;
		};
/* End XCConfigurationList section */
	};
	rootObject = B8D810052446DC50000C6366 /* Project object */;
}
